
Microsoft Visual Studio Solution File, Format Version 12.00
# Visual Studio 15
VisualStudioVersion = 15.0.26430.14
MinimumVisualStudioVersion = 10.0.40219.1
Project("{FAE04EC0-301F-11D3-BF4B-00C04F79EFBC}") = "TestMethods2July2018", "TestMethods2July2018\TestMethods2July2018.csproj", "{91F01F4E-64A6-441B-B6B4-862BCE8FF11C}"
EndProject
Global
	GlobalSection(SolutionConfigurationPlatforms) = preSolution
		Debug|Any CPU = Debug|Any CPU
		Release|Any CPU = Release|Any CPU
	EndGlobalSection
	GlobalSection(ProjectConfigurationPlatforms) = postSolution
		{91F01F4E-64A6-441B-B6B4-862BCE8FF11C}.Debug|Any CPU.ActiveCfg = Debug|Any CPU
		{91F01F4E-64A6-441B-B6B4-862BCE8FF11C}.Debug|Any CPU.Build.0 = Debug|Any CPU
		{91F01F4E-64A6-441B-B6B4-862BCE8FF11C}.Release|Any CPU.ActiveCfg = Release|Any CPU
		{91F01F4E-64A6-441B-B6B4-862BCE8FF11C}.Release|Any CPU.Build.0 = Release|Any CPU
	EndGlobalSection
	GlobalSection(SolutionProperties) = preSolution
		HideSolutionNode = FALSE
	EndGlobalSection
EndGlobal
